<?xml version="1.0" encoding="UTF-8"?>
<!DOCTYPE plist PUBLIC "-//Apple//DTD PLIST 1.0//EN" "http://www.apple.com/DTDs/PropertyList-1.0.dtd">
<plist version="1.0">
<dict>
	<key>archiveVersion</key>
	<string>1</string>
	<key>classes</key>
	<dict/>
	<key>objectVersion</key>
	<string>46</string>
	<key>objects</key>
	<dict>
		<key>290233751C9A3CDC00C4EA38</key>
		<dict>
			<key>children</key>
			<array>
				<string>2902337C1C9A3CFE00C4EA38</string>
			</array>
			<key>isa</key>
			<string>PBXGroup</string>
			<key>name</key>
			<string>KuaidiCell</string>
			<key>sourceTree</key>
			<string>&lt;group&gt;</string>
		</dict>
		<key>2902337C1C9A3CFE00C4EA38</key>
		<dict>
			<key>fileEncoding</key>
			<string>4</string>
			<key>isa</key>
			<string>PBXFileReference</string>
			<key>lastKnownFileType</key>
			<string>sourcecode.swift</string>
			<key>path</key>
			<string>KuaidiCustomcell.swift</string>
			<key>sourceTree</key>
			<string>&lt;group&gt;</string>
		</dict>
		<key>2902337D1C9A3CFE00C4EA38</key>
		<dict>
			<key>fileRef</key>
			<string>2902337C1C9A3CFE00C4EA38</string>
			<key>isa</key>
			<string>PBXBuildFile</string>
		</dict>
		<key>293F214B1C9B8C5B00E28FE9</key>
		<dict>
			<key>children</key>
			<array>
				<string>293F214C1C9B8C5B00E28FE9</string>
				<string>293F21501C9B8C5B00E28FE9</string>
			</array>
			<key>isa</key>
			<string>PBXGroup</string>
			<key>path</key>
			<string>JuheApisSDK</string>
			<key>sourceTree</key>
			<string>&lt;group&gt;</string>
		</dict>
		<key>293F214C1C9B8C5B00E28FE9</key>
		<dict>
			<key>children</key>
			<array>
				<string>293F214D1C9B8C5B00E28FE9</string>
			</array>
			<key>isa</key>
			<string>PBXGroup</string>
			<key>path</key>
			<string>include</string>
			<key>sourceTree</key>
			<string>&lt;group&gt;</string>
		</dict>
		<key>293F214D1C9B8C5B00E28FE9</key>
		<dict>
			<key>children</key>
			<array>
				<string>293F214E1C9B8C5B00E28FE9</string>
				<string>293F214F1C9B8C5B00E28FE9</string>
			</array>
			<key>isa</key>
			<string>PBXGroup</string>
			<key>path</key>
			<string>JuheApisSDK</string>
			<key>sourceTree</key>
			<string>&lt;group&gt;</string>
		</dict>
		<key>293F214E1C9B8C5B00E28FE9</key>
		<dict>
			<key>fileEncoding</key>
			<string>4</string>
			<key>isa</key>
			<string>PBXFileReference</string>
			<key>lastKnownFileType</key>
			<string>sourcecode.c.h</string>
			<key>path</key>
			<string>JHAPISDK.h</string>
			<key>sourceTree</key>
			<string>&lt;group&gt;</string>
		</dict>
		<key>293F214F1C9B8C5B00E28FE9</key>
		<dict>
			<key>fileEncoding</key>
			<string>4</string>
			<key>isa</key>
			<string>PBXFileReference</string>
			<key>lastKnownFileType</key>
			<string>sourcecode.c.h</string>
			<key>path</key>
			<string>JHOpenidSupplier.h</string>
			<key>sourceTree</key>
			<string>&lt;group&gt;</string>
		</dict>
		<key>293F21501C9B8C5B00E28FE9</key>
		<dict>
			<key>isa</key>
			<string>PBXFileReference</string>
			<key>lastKnownFileType</key>
			<string>archive.ar</string>
			<key>path</key>
			<string>JuheApisSDK.a</string>
			<key>sourceTree</key>
			<string>&lt;group&gt;</string>
		</dict>
		<key>293F21511C9B8C5B00E28FE9</key>
		<dict>
			<key>fileRef</key>
			<string>293F21501C9B8C5B00E28FE9</string>
			<key>isa</key>
			<string>PBXBuildFile</string>
		</dict>
		<key>293F21581C9B8C7200E28FE9</key>
		<dict>
			<key>isa</key>
			<string>PBXFileReference</string>
			<key>lastKnownFileType</key>
			<string>wrapper.framework</string>
			<key>name</key>
			<string>CoreTelephony.framework</string>
			<key>path</key>
			<string>System/Library/Frameworks/CoreTelephony.framework</string>
			<key>sourceTree</key>
			<string>SDKROOT</string>
		</dict>
		<key>293F21591C9B8C7200E28FE9</key>
		<dict>
			<key>fileRef</key>
			<string>293F21581C9B8C7200E28FE9</string>
			<key>isa</key>
			<string>PBXBuildFile</string>
		</dict>
		<key>293F215A1C9B8C7A00E28FE9</key>
		<dict>
			<key>isa</key>
			<string>PBXFileReference</string>
			<key>lastKnownFileType</key>
			<string>wrapper.framework</string>
			<key>name</key>
			<string>AdSupport.framework</string>
			<key>path</key>
			<string>System/Library/Frameworks/AdSupport.framework</string>
			<key>sourceTree</key>
			<string>SDKROOT</string>
		</dict>
		<key>293F215B1C9B8C7A00E28FE9</key>
		<dict>
			<key>fileRef</key>
			<string>293F215A1C9B8C7A00E28FE9</string>
			<key>isa</key>
			<string>PBXBuildFile</string>
		</dict>
		<key>293F215C1C9B8C8400E28FE9</key>
		<dict>
			<key>isa</key>
			<string>PBXFileReference</string>
			<key>lastKnownFileType</key>
			<string>wrapper.framework</string>
			<key>name</key>
			<string>CoreLocation.framework</string>
			<key>path</key>
			<string>System/Library/Frameworks/CoreLocation.framework</string>
			<key>sourceTree</key>
			<string>SDKROOT</string>
		</dict>
		<key>293F215D1C9B8C8400E28FE9</key>
		<dict>
			<key>fileRef</key>
			<string>293F215C1C9B8C8400E28FE9</string>
			<key>isa</key>
			<string>PBXBuildFile</string>
		</dict>
		<key>293F215E1C9B8CB700E28FE9</key>
		<dict>
			<key>isa</key>
			<string>PBXFileReference</string>
			<key>lastKnownFileType</key>
			<string>sourcecode.text-based-dylib-definition</string>
			<key>name</key>
			<string>libc++.tbd</string>
			<key>path</key>
			<string>usr/lib/libc++.tbd</string>
			<key>sourceTree</key>
			<string>SDKROOT</string>
		</dict>
		<key>293F215F1C9B8CB700E28FE9</key>
		<dict>
			<key>fileRef</key>
			<string>293F215E1C9B8CB700E28FE9</string>
			<key>isa</key>
			<string>PBXBuildFile</string>
		</dict>
		<key>2956FC921C97B0A400D35DD9</key>
		<dict>
			<key>fileEncoding</key>
			<string>4</string>
			<key>isa</key>
			<string>PBXFileReference</string>
			<key>lastKnownFileType</key>
			<string>sourcecode.swift</string>
			<key>path</key>
			<string>JokeViewController.swift</string>
			<key>sourceTree</key>
			<string>&lt;group&gt;</string>
		</dict>
		<key>2956FC931C97B0A400D35DD9</key>
		<dict>
			<key>fileRef</key>
			<string>2956FC921C97B0A400D35DD9</string>
			<key>isa</key>
			<string>PBXBuildFile</string>
		</dict>
		<key>2956FC941C97B0BB00D35DD9</key>
		<dict>
			<key>fileEncoding</key>
			<string>4</string>
			<key>isa</key>
			<string>PBXFileReference</string>
			<key>lastKnownFileType</key>
			<string>sourcecode.swift</string>
			<key>path</key>
			<string>TranslationViewController.swift</string>
			<key>sourceTree</key>
			<string>&lt;group&gt;</string>
		</dict>
		<key>2956FC951C97B0BB00D35DD9</key>
		<dict>
			<key>fileRef</key>
			<string>2956FC941C97B0BB00D35DD9</string>
			<key>isa</key>
			<string>PBXBuildFile</string>
		</dict>
		<key>2956FC961C97B0CD00D35DD9</key>
		<dict>
			<key>fileEncoding</key>
			<string>4</string>
			<key>isa</key>
			<string>PBXFileReference</string>
			<key>lastKnownFileType</key>
			<string>sourcecode.swift</string>
			<key>path</key>
			<string>RobotViewController.swift</string>
			<key>sourceTree</key>
			<string>&lt;group&gt;</string>
		</dict>
		<key>2956FC971C97B0CD00D35DD9</key>
		<dict>
			<key>fileRef</key>
			<string>2956FC961C97B0CD00D35DD9</string>
			<key>isa</key>
			<string>PBXBuildFile</string>
		</dict>
		<key>2956FC981C97B0DC00D35DD9</key>
		<dict>
			<key>fileEncoding</key>
			<string>4</string>
			<key>isa</key>
			<string>PBXFileReference</string>
			<key>lastKnownFileType</key>
			<string>sourcecode.swift</string>
			<key>path</key>
			<string>HealthViewController.swift</string>
			<key>sourceTree</key>
			<string>&lt;group&gt;</string>
		</dict>
		<key>2956FC991C97B0DC00D35DD9</key>
		<dict>
			<key>fileRef</key>
			<string>2956FC981C97B0DC00D35DD9</string>
			<key>isa</key>
			<string>PBXBuildFile</string>
		</dict>
		<key>2956FCB91C97B9BE00D35DD9</key>
		<dict>
			<key>children</key>
			<array>
				<string>2956FCBA1C97B9BE00D35DD9</string>
				<string>2956FCBB1C97B9BE00D35DD9</string>
				<string>2956FCBC1C97B9BE00D35DD9</string>
			</array>
			<key>isa</key>
			<string>PBXGroup</string>
			<key>name</key>
			<string>SnapKit</string>
			<key>path</key>
			<string>Pods/SnapKit</string>
			<key>sourceTree</key>
			<string>&lt;group&gt;</string>
		</dict>
		<key>2956FCBA1C97B9BE00D35DD9</key>
		<dict>
			<key>isa</key>
			<string>PBXFileReference</string>
			<key>lastKnownFileType</key>
			<string>text</string>
			<key>path</key>
			<string>LICENSE</string>
			<key>sourceTree</key>
			<string>&lt;group&gt;</string>
		</dict>
		<key>2956FCBB1C97B9BE00D35DD9</key>
		<dict>
			<key>isa</key>
			<string>PBXFileReference</string>
			<key>lastKnownFileType</key>
			<string>net.daringfireball.markdown</string>
			<key>path</key>
			<string>README.md</string>
			<key>sourceTree</key>
			<string>&lt;group&gt;</string>
		</dict>
		<key>2956FCBC1C97B9BE00D35DD9</key>
		<dict>
			<key>children</key>
			<array>
				<string>2956FCBD1C97B9BE00D35DD9</string>
				<string>2956FCBE1C97B9BE00D35DD9</string>
				<string>2956FCBF1C97B9BE00D35DD9</string>
				<string>2956FCC01C97B9BE00D35DD9</string>
				<string>2956FCC11C97B9BE00D35DD9</string>
				<string>2956FCC21C97B9BE00D35DD9</string>
				<string>2956FCC31C97B9BE00D35DD9</string>
				<string>2956FCC41C97B9BE00D35DD9</string>
				<string>2956FCC51C97B9BE00D35DD9</string>
				<string>2956FCC61C97B9BE00D35DD9</string>
				<string>2956FCC71C97B9BE00D35DD9</string>
				<string>2956FCC81C97B9BE00D35DD9</string>
			</array>
			<key>isa</key>
			<string>PBXGroup</string>
			<key>path</key>
			<string>Source</string>
			<key>sourceTree</key>
			<string>&lt;group&gt;</string>
		</dict>
		<key>2956FCBD1C97B9BE00D35DD9</key>
		<dict>
			<key>isa</key>
			<string>PBXFileReference</string>
			<key>lastKnownFileType</key>
			<string>sourcecode.swift</string>
			<key>path</key>
			<string>Constraint.swift</string>
			<key>sourceTree</key>
			<string>&lt;group&gt;</string>
		</dict>
		<key>2956FCBE1C97B9BE00D35DD9</key>
		<dict>
			<key>isa</key>
			<string>PBXFileReference</string>
			<key>lastKnownFileType</key>
			<string>sourcecode.swift</string>
			<key>path</key>
			<string>ConstraintAttributes.swift</string>
			<key>sourceTree</key>
			<string>&lt;group&gt;</string>
		</dict>
		<key>2956FCBF1C97B9BE00D35DD9</key>
		<dict>
			<key>isa</key>
			<string>PBXFileReference</string>
			<key>lastKnownFileType</key>
			<string>sourcecode.swift</string>
			<key>path</key>
			<string>ConstraintDescription.swift</string>
			<key>sourceTree</key>
			<string>&lt;group&gt;</string>
		</dict>
		<key>2956FCC01C97B9BE00D35DD9</key>
		<dict>
			<key>isa</key>
			<string>PBXFileReference</string>
			<key>lastKnownFileType</key>
			<string>sourcecode.swift</string>
			<key>path</key>
			<string>ConstraintItem.swift</string>
			<key>sourceTree</key>
			<string>&lt;group&gt;</string>
		</dict>
		<key>2956FCC11C97B9BE00D35DD9</key>
		<dict>
			<key>isa</key>
			<string>PBXFileReference</string>
			<key>lastKnownFileType</key>
			<string>sourcecode.swift</string>
			<key>path</key>
			<string>ConstraintMaker.swift</string>
			<key>sourceTree</key>
			<string>&lt;group&gt;</string>
		</dict>
		<key>2956FCC21C97B9BE00D35DD9</key>
		<dict>
			<key>isa</key>
			<string>PBXFileReference</string>
			<key>lastKnownFileType</key>
			<string>sourcecode.swift</string>
			<key>path</key>
			<string>ConstraintRelation.swift</string>
			<key>sourceTree</key>
			<string>&lt;group&gt;</string>
		</dict>
		<key>2956FCC31C97B9BE00D35DD9</key>
		<dict>
			<key>isa</key>
			<string>PBXFileReference</string>
			<key>lastKnownFileType</key>
			<string>sourcecode.swift</string>
			<key>path</key>
			<string>Debugging.swift</string>
			<key>sourceTree</key>
			<string>&lt;group&gt;</string>
		</dict>
		<key>2956FCC41C97B9BE00D35DD9</key>
		<dict>
			<key>isa</key>
			<string>PBXFileReference</string>
			<key>lastKnownFileType</key>
			<string>sourcecode.swift</string>
			<key>path</key>
			<string>EdgeInsets.swift</string>
			<key>sourceTree</key>
			<string>&lt;group&gt;</string>
		</dict>
		<key>2956FCC51C97B9BE00D35DD9</key>
		<dict>
			<key>isa</key>
			<string>PBXFileReference</string>
			<key>lastKnownFileType</key>
			<string>sourcecode.swift</string>
			<key>path</key>
			<string>LayoutConstraint.swift</string>
			<key>sourceTree</key>
			<string>&lt;group&gt;</string>
		</dict>
		<key>2956FCC61C97B9BE00D35DD9</key>
		<dict>
			<key>isa</key>
			<string>PBXFileReference</string>
			<key>lastKnownFileType</key>
			<string>sourcecode.swift</string>
			<key>path</key>
			<string>SnapKit.swift</string>
			<key>sourceTree</key>
			<string>&lt;group&gt;</string>
		</dict>
		<key>2956FCC71C97B9BE00D35DD9</key>
		<dict>
			<key>isa</key>
			<string>PBXFileReference</string>
			<key>lastKnownFileType</key>
			<string>sourcecode.swift</string>
			<key>path</key>
			<string>View+SnapKit.swift</string>
			<key>sourceTree</key>
			<string>&lt;group&gt;</string>
		</dict>
		<key>2956FCC81C97B9BE00D35DD9</key>
		<dict>
			<key>isa</key>
			<string>PBXFileReference</string>
			<key>lastKnownFileType</key>
			<string>sourcecode.swift</string>
			<key>path</key>
			<string>ViewController+SnapKit.swift</string>
			<key>sourceTree</key>
			<string>&lt;group&gt;</string>
		</dict>
		<key>2956FCCF1C97DDD700D35DD9</key>
		<dict>
			<key>isa</key>
			<string>PBXFileReference</string>
			<key>lastKnownFileType</key>
			<string>wrapper.framework</string>
			<key>name</key>
			<string>SnapKit.framework</string>
			<key>path</key>
			<string>Pods/../build/Debug-iphoneos/SnapKit.framework</string>
			<key>sourceTree</key>
			<string>&lt;group&gt;</string>
		</dict>
		<key>2956FCD11C97E12B00D35DD9</key>
		<dict>
			<key>children</key>
			<array>
				<string>2956FCD21C97E12B00D35DD9</string>
				<string>2956FCD31C97E12B00D35DD9</string>
				<string>2956FCD41C97E12B00D35DD9</string>
				<string>2956FCD51C97E12B00D35DD9</string>
				<string>2956FCD61C97E12B00D35DD9</string>
				<string>2956FCD71C97E12B00D35DD9</string>
				<string>2956FCD81C97E12B00D35DD9</string>
				<string>2956FCD91C97E12B00D35DD9</string>
				<string>2956FCDB1C97E12B00D35DD9</string>
				<string>2956FCDC1C97E12B00D35DD9</string>
				<string>2956FCDD1C97E12B00D35DD9</string>
				<string>2956FCDE1C97E12B00D35DD9</string>
				<string>2956FCDF1C97E12B00D35DD9</string>
			</array>
			<key>isa</key>
			<string>PBXGroup</string>
			<key>name</key>
			<string>SnapKit</string>
			<key>path</key>
			<string>Source</string>
			<key>sourceTree</key>
			<string>&lt;group&gt;</string>
		</dict>
		<key>2956FCD21C97E12B00D35DD9</key>
		<dict>
			<key>fileEncoding</key>
			<string>4</string>
			<key>isa</key>
			<string>PBXFileReference</string>
			<key>lastKnownFileType</key>
			<string>sourcecode.swift</string>
			<key>path</key>
			<string>Constraint.swift</string>
			<key>sourceTree</key>
			<string>&lt;group&gt;</string>
		</dict>
		<key>2956FCD31C97E12B00D35DD9</key>
		<dict>
			<key>fileEncoding</key>
			<string>4</string>
			<key>isa</key>
			<string>PBXFileReference</string>
			<key>lastKnownFileType</key>
			<string>sourcecode.swift</string>
			<key>path</key>
			<string>ConstraintAttributes.swift</string>
			<key>sourceTree</key>
			<string>&lt;group&gt;</string>
		</dict>
		<key>2956FCD41C97E12B00D35DD9</key>
		<dict>
			<key>fileEncoding</key>
			<string>4</string>
			<key>isa</key>
			<string>PBXFileReference</string>
			<key>lastKnownFileType</key>
			<string>sourcecode.swift</string>
			<key>path</key>
			<string>ConstraintDescription.swift</string>
			<key>sourceTree</key>
			<string>&lt;group&gt;</string>
		</dict>
		<key>2956FCD51C97E12B00D35DD9</key>
		<dict>
			<key>fileEncoding</key>
			<string>4</string>
			<key>isa</key>
			<string>PBXFileReference</string>
			<key>lastKnownFileType</key>
			<string>sourcecode.swift</string>
			<key>path</key>
			<string>ConstraintItem.swift</string>
			<key>sourceTree</key>
			<string>&lt;group&gt;</string>
		</dict>
		<key>2956FCD61C97E12B00D35DD9</key>
		<dict>
			<key>fileEncoding</key>
			<string>4</string>
			<key>isa</key>
			<string>PBXFileReference</string>
			<key>lastKnownFileType</key>
			<string>sourcecode.swift</string>
			<key>path</key>
			<string>ConstraintMaker.swift</string>
			<key>sourceTree</key>
			<string>&lt;group&gt;</string>
		</dict>
		<key>2956FCD71C97E12B00D35DD9</key>
		<dict>
			<key>fileEncoding</key>
			<string>4</string>
			<key>isa</key>
			<string>PBXFileReference</string>
			<key>lastKnownFileType</key>
			<string>sourcecode.swift</string>
			<key>path</key>
			<string>ConstraintRelation.swift</string>
			<key>sourceTree</key>
			<string>&lt;group&gt;</string>
		</dict>
		<key>2956FCD81C97E12B00D35DD9</key>
		<dict>
			<key>fileEncoding</key>
			<string>4</string>
			<key>isa</key>
			<string>PBXFileReference</string>
			<key>lastKnownFileType</key>
			<string>sourcecode.swift</string>
			<key>path</key>
			<string>Debugging.swift</string>
			<key>sourceTree</key>
			<string>&lt;group&gt;</string>
		</dict>
		<key>2956FCD91C97E12B00D35DD9</key>
		<dict>
			<key>fileEncoding</key>
			<string>4</string>
			<key>isa</key>
			<string>PBXFileReference</string>
			<key>lastKnownFileType</key>
			<string>sourcecode.swift</string>
			<key>path</key>
			<string>EdgeInsets.swift</string>
			<key>sourceTree</key>
			<string>&lt;group&gt;</string>
		</dict>
		<key>2956FCDB1C97E12B00D35DD9</key>
		<dict>
			<key>fileEncoding</key>
			<string>4</string>
			<key>isa</key>
			<string>PBXFileReference</string>
			<key>lastKnownFileType</key>
			<string>sourcecode.swift</string>
			<key>path</key>
			<string>LayoutConstraint.swift</string>
			<key>sourceTree</key>
			<string>&lt;group&gt;</string>
		</dict>
		<key>2956FCDC1C97E12B00D35DD9</key>
		<dict>
			<key>fileEncoding</key>
			<string>4</string>
			<key>isa</key>
			<string>PBXFileReference</string>
			<key>lastKnownFileType</key>
			<string>sourcecode.c.h</string>
			<key>path</key>
			<string>SnapKit.h</string>
			<key>sourceTree</key>
			<string>&lt;group&gt;</string>
		</dict>
		<key>2956FCDD1C97E12B00D35DD9</key>
		<dict>
			<key>fileEncoding</key>
			<string>4</string>
			<key>isa</key>
			<string>PBXFileReference</string>
			<key>lastKnownFileType</key>
			<string>sourcecode.swift</string>
			<key>path</key>
			<string>SnapKit.swift</string>
			<key>sourceTree</key>
			<string>&lt;group&gt;</string>
		</dict>
		<key>2956FCDE1C97E12B00D35DD9</key>
		<dict>
			<key>fileEncoding</key>
			<string>4</string>
			<key>isa</key>
			<string>PBXFileReference</string>
			<key>lastKnownFileType</key>
			<string>sourcecode.swift</string>
			<key>path</key>
			<string>View+SnapKit.swift</string>
			<key>sourceTree</key>
			<string>&lt;group&gt;</string>
		</dict>
		<key>2956FCDF1C97E12B00D35DD9</key>
		<dict>
			<key>fileEncoding</key>
			<string>4</string>
			<key>isa</key>
			<string>PBXFileReference</string>
			<key>lastKnownFileType</key>
			<string>sourcecode.swift</string>
			<key>path</key>
			<string>ViewController+SnapKit.swift</string>
			<key>sourceTree</key>
			<string>&lt;group&gt;</string>
		</dict>
		<key>2956FCE01C97E12B00D35DD9</key>
		<dict>
			<key>fileRef</key>
			<string>2956FCD21C97E12B00D35DD9</string>
			<key>isa</key>
			<string>PBXBuildFile</string>
		</dict>
		<key>2956FCE11C97E12B00D35DD9</key>
		<dict>
			<key>fileRef</key>
			<string>2956FCD31C97E12B00D35DD9</string>
			<key>isa</key>
			<string>PBXBuildFile</string>
		</dict>
		<key>2956FCE21C97E12B00D35DD9</key>
		<dict>
			<key>fileRef</key>
			<string>2956FCD41C97E12B00D35DD9</string>
			<key>isa</key>
			<string>PBXBuildFile</string>
		</dict>
		<key>2956FCE31C97E12B00D35DD9</key>
		<dict>
			<key>fileRef</key>
			<string>2956FCD51C97E12B00D35DD9</string>
			<key>isa</key>
			<string>PBXBuildFile</string>
		</dict>
		<key>2956FCE41C97E12B00D35DD9</key>
		<dict>
			<key>fileRef</key>
			<string>2956FCD61C97E12B00D35DD9</string>
			<key>isa</key>
			<string>PBXBuildFile</string>
		</dict>
		<key>2956FCE51C97E12B00D35DD9</key>
		<dict>
			<key>fileRef</key>
			<string>2956FCD71C97E12B00D35DD9</string>
			<key>isa</key>
			<string>PBXBuildFile</string>
		</dict>
		<key>2956FCE61C97E12B00D35DD9</key>
		<dict>
			<key>fileRef</key>
			<string>2956FCD81C97E12B00D35DD9</string>
			<key>isa</key>
			<string>PBXBuildFile</string>
		</dict>
		<key>2956FCE71C97E12B00D35DD9</key>
		<dict>
			<key>fileRef</key>
			<string>2956FCD91C97E12B00D35DD9</string>
			<key>isa</key>
			<string>PBXBuildFile</string>
		</dict>
		<key>2956FCE91C97E12B00D35DD9</key>
		<dict>
			<key>fileRef</key>
			<string>2956FCDB1C97E12B00D35DD9</string>
			<key>isa</key>
			<string>PBXBuildFile</string>
		</dict>
		<key>2956FCEA1C97E12B00D35DD9</key>
		<dict>
			<key>fileRef</key>
			<string>2956FCDD1C97E12B00D35DD9</string>
			<key>isa</key>
			<string>PBXBuildFile</string>
		</dict>
		<key>2956FCEB1C97E12B00D35DD9</key>
		<dict>
			<key>fileRef</key>
			<string>2956FCDE1C97E12B00D35DD9</string>
			<key>isa</key>
			<string>PBXBuildFile</string>
		</dict>
		<key>2956FCEC1C97E12B00D35DD9</key>
		<dict>
			<key>fileRef</key>
			<string>2956FCDF1C97E12B00D35DD9</string>
			<key>isa</key>
			<string>PBXBuildFile</string>
		</dict>
		<key>2956FCED1C97FADF00D35DD9</key>
		<dict>
			<key>children</key>
			<array>
				<string>2956FCEE1C97FB3100D35DD9</string>
			</array>
			<key>isa</key>
			<string>PBXGroup</string>
			<key>name</key>
			<string>NetworkRequest</string>
			<key>sourceTree</key>
			<string>&lt;group&gt;</string>
		</dict>
		<key>2956FCEE1C97FB3100D35DD9</key>
		<dict>
			<key>fileEncoding</key>
			<string>4</string>
			<key>isa</key>
			<string>PBXFileReference</string>
			<key>lastKnownFileType</key>
			<string>sourcecode.swift</string>
			<key>path</key>
			<string>NetWorkRequestManager.swift</string>
			<key>sourceTree</key>
			<string>&lt;group&gt;</string>
		</dict>
		<key>2956FCEF1C97FB3100D35DD9</key>
		<dict>
			<key>fileRef</key>
			<string>2956FCEE1C97FB3100D35DD9</string>
			<key>isa</key>
			<string>PBXBuildFile</string>
		</dict>
		<key>2956FD3C1C9803DF00D35DD9</key>
		<dict>
			<key>buildActionMask</key>
			<string>2147483647</string>
			<key>dstPath</key>
			<string></string>
			<key>dstSubfolderSpec</key>
			<string>10</string>
			<key>files</key>
			<array/>
			<key>isa</key>
			<string>PBXCopyFilesBuildPhase</string>
			<key>name</key>
			<string>Embed Frameworks</string>
			<key>runOnlyForDeploymentPostprocessing</key>
			<string>0</string>
		</dict>
		<key>2981513F1C9FCD9C000E1A6C</key>
		<dict>
			<key>children</key>
			<array>
				<string>298151421C9FCEB1000E1A6C</string>
			</array>
			<key>isa</key>
			<string>PBXGroup</string>
			<key>name</key>
			<string>KuaidiAndJokeModel</string>
			<key>sourceTree</key>
			<string>&lt;group&gt;</string>
		</dict>
		<key>298151421C9FCEB1000E1A6C</key>
		<dict>
			<key>fileEncoding</key>
			<string>4</string>
			<key>isa</key>
			<string>PBXFileReference</string>
			<key>lastKnownFileType</key>
			<string>sourcecode.swift</string>
			<key>path</key>
			<string>KuaidiModel.swift</string>
			<key>sourceTree</key>
			<string>&lt;group&gt;</string>
		</dict>
		<key>298151431C9FCEB1000E1A6C</key>
		<dict>
			<key>fileRef</key>
			<string>298151421C9FCEB1000E1A6C</string>
			<key>isa</key>
			<string>PBXBuildFile</string>
		</dict>
		<key>298544B51C96673F0036F71E</key>
		<dict>
			<key>children</key>
			<array>
				<string>298544F21C96682E0036F71E</string>
				<string>298544F31C96682E0036F71E</string>
				<string>298544C01C96673F0036F71E</string>
				<string>298544D51C96673F0036F71E</string>
				<string>298544E01C96673F0036F71E</string>
				<string>298544BF1C96673F0036F71E</string>
				<string>763592CF1E253FBBE98FB1FA</string>
				<string>AE8C9F7AE729E344B7A09FA3</string>
			</array>
			<key>isa</key>
			<string>PBXGroup</string>
			<key>sourceTree</key>
			<string>&lt;group&gt;</string>
		</dict>
		<key>298544B61C96673F0036F71E</key>
		<dict>
			<key>attributes</key>
			<dict>
				<key>LastSwiftUpdateCheck</key>
				<string>0720</string>
				<key>LastUpgradeCheck</key>
				<string>0720</string>
				<key>ORGANIZATIONNAME</key>
				<string>caoyunxiao</string>
				<key>TargetAttributes</key>
				<dict>
					<key>298544BD1C96673F0036F71E</key>
					<dict>
						<key>CreatedOnToolsVersion</key>
						<string>7.2.1</string>
						<key>DevelopmentTeam</key>
						<string>38RJ3RTPY9</string>
					</dict>
					<key>298544D11C96673F0036F71E</key>
					<dict>
						<key>CreatedOnToolsVersion</key>
						<string>7.2.1</string>
						<key>TestTargetID</key>
						<string>298544BD1C96673F0036F71E</string>
					</dict>
					<key>298544DC1C96673F0036F71E</key>
					<dict>
						<key>CreatedOnToolsVersion</key>
						<string>7.2.1</string>
						<key>TestTargetID</key>
						<string>298544BD1C96673F0036F71E</string>
					</dict>
				</dict>
			</dict>
			<key>buildConfigurationList</key>
			<string>298544B91C96673F0036F71E</string>
			<key>compatibilityVersion</key>
			<string>Xcode 3.2</string>
			<key>developmentRegion</key>
			<string>English</string>
			<key>hasScannedForEncodings</key>
			<string>0</string>
			<key>isa</key>
			<string>PBXProject</string>
			<key>knownRegions</key>
			<array>
				<string>en</string>
				<string>Base</string>
			</array>
			<key>mainGroup</key>
			<string>298544B51C96673F0036F71E</string>
			<key>productRefGroup</key>
			<string>298544BF1C96673F0036F71E</string>
			<key>projectDirPath</key>
			<string></string>
			<key>projectReferences</key>
			<array/>
			<key>projectRoot</key>
			<string></string>
			<key>targets</key>
			<array>
				<string>298544BD1C96673F0036F71E</string>
				<string>298544D11C96673F0036F71E</string>
				<string>298544DC1C96673F0036F71E</string>
			</array>
		</dict>
		<key>298544B91C96673F0036F71E</key>
		<dict>
			<key>buildConfigurations</key>
			<array>
				<string>298544E41C96673F0036F71E</string>
				<string>298544E51C96673F0036F71E</string>
			</array>
			<key>defaultConfigurationIsVisible</key>
			<string>0</string>
			<key>defaultConfigurationName</key>
			<string>Release</string>
			<key>isa</key>
			<string>XCConfigurationList</string>
		</dict>
		<key>298544BA1C96673F0036F71E</key>
		<dict>
			<key>buildActionMask</key>
			<string>2147483647</string>
			<key>files</key>
			<array>
				<string>298545031C96711D0036F71E</string>
				<string>2956FCE61C97E12B00D35DD9</string>
				<string>2956FCE21C97E12B00D35DD9</string>
				<string>2956FCE11C97E12B00D35DD9</string>
				<string>2956FC971C97B0CD00D35DD9</string>
				<string>2956FC951C97B0BB00D35DD9</string>
				<string>29915D841CA2788C00905171</string>
				<string>2956FCE01C97E12B00D35DD9</string>
				<string>2956FCE51C97E12B00D35DD9</string>
				<string>2956FCE41C97E12B00D35DD9</string>
				<string>29915D881CA2932B00905171</string>
				<string>298544C41C96673F0036F71E</string>
				<string>2956FCEA1C97E12B00D35DD9</string>
				<string>2956FCEF1C97FB3100D35DD9</string>
				<string>29915D7D1CA22B1800905171</string>
				<string>2985451C1C968A260036F71E</string>
				<string>29915D801CA273ED00905171</string>
				<string>298544C21C96673F0036F71E</string>
				<string>2956FCEC1C97E12B00D35DD9</string>
				<string>2985451E1C968A5A0036F71E</string>
				<string>2956FC931C97B0A400D35DD9</string>
				<string>2956FCE71C97E12B00D35DD9</string>
				<string>298151431C9FCEB1000E1A6C</string>
				<string>2956FCEB1C97E12B00D35DD9</string>
				<string>2956FCE91C97E12B00D35DD9</string>
				<string>298545171C96888D0036F71E</string>
				<string>2985451A1C968A020036F71E</string>
				<string>2902337D1C9A3CFE00C4EA38</string>
				<string>29B878601C96B7C5005CE7D9</string>
				<string>2956FC991C97B0DC00D35DD9</string>
				<string>298545001C96702B0036F71E</string>
				<string>2956FCE31C97E12B00D35DD9</string>
			</array>
			<key>isa</key>
			<string>PBXSourcesBuildPhase</string>
			<key>runOnlyForDeploymentPostprocessing</key>
			<string>0</string>
		</dict>
		<key>298544BB1C96673F0036F71E</key>
		<dict>
			<key>buildActionMask</key>
			<string>2147483647</string>
			<key>files</key>
			<array>
				<string>293F215F1C9B8CB700E28FE9</string>
				<string>293F215D1C9B8C8400E28FE9</string>
				<string>293F215B1C9B8C7A00E28FE9</string>
				<string>293F21591C9B8C7200E28FE9</string>
				<string>293F21511C9B8C5B00E28FE9</string>
				<string>EC16A9DA5D6A9481B1501278</string>
			</array>
			<key>isa</key>
			<string>PBXFrameworksBuildPhase</string>
			<key>runOnlyForDeploymentPostprocessing</key>
			<string>0</string>
		</dict>
		<key>298544BC1C96673F0036F71E</key>
		<dict>
			<key>buildActionMask</key>
			<string>2147483647</string>
			<key>files</key>
			<array>
				<string>298545041C96711D0036F71E</string>
				<string>299AEB0B1C979DEF00AF100E</string>
				<string>298544CC1C96673F0036F71E</string>
				<string>298544C91C96673F0036F71E</string>
				<string>298544C71C96673F0036F71E</string>
			</array>
			<key>isa</key>
			<string>PBXResourcesBuildPhase</string>
			<key>runOnlyForDeploymentPostprocessing</key>
			<string>0</string>
		</dict>
		<key>298544BD1C96673F0036F71E</key>
		<dict>
			<key>buildConfigurationList</key>
			<string>298544E61C96673F0036F71E</string>
			<key>buildPhases</key>
			<array>
				<string>889A32CC3DB38C7999B150EC</string>
				<string>298544BA1C96673F0036F71E</string>
				<string>298544BB1C96673F0036F71E</string>
				<string>298544BC1C96673F0036F71E</string>
				<string>F5846818809AB890F14F88F4</string>
				<string>7480A0584771CB7F7A440165</string>
				<string>2956FD3C1C9803DF00D35DD9</string>
			</array>
			<key>buildRules</key>
			<array/>
			<key>dependencies</key>
			<array/>
			<key>isa</key>
			<string>PBXNativeTarget</string>
			<key>name</key>
			<string>MessageSwift</string>
			<key>productName</key>
			<string>MessageSwift</string>
			<key>productReference</key>
			<string>298544BE1C96673F0036F71E</string>
			<key>productType</key>
			<string>com.apple.product-type.application</string>
		</dict>
		<key>298544BE1C96673F0036F71E</key>
		<dict>
			<key>explicitFileType</key>
			<string>wrapper.application</string>
			<key>includeInIndex</key>
			<string>0</string>
			<key>isa</key>
			<string>PBXFileReference</string>
			<key>path</key>
			<string>MessageSwift.app</string>
			<key>sourceTree</key>
			<string>BUILT_PRODUCTS_DIR</string>
		</dict>
		<key>298544BF1C96673F0036F71E</key>
		<dict>
			<key>children</key>
			<array>
				<string>298544BE1C96673F0036F71E</string>
				<string>298544D21C96673F0036F71E</string>
				<string>298544DD1C96673F0036F71E</string>
			</array>
			<key>isa</key>
			<string>PBXGroup</string>
			<key>name</key>
			<string>Products</string>
			<key>sourceTree</key>
			<string>&lt;group&gt;</string>
		</dict>
		<key>298544C01C96673F0036F71E</key>
		<dict>
			<key>children</key>
			<array>
				<string>298544C11C96673F0036F71E</string>
				<string>298544C31C96673F0036F71E</string>
				<string>298544C51C96673F0036F71E</string>
				<string>298544C81C96673F0036F71E</string>
				<string>298544CA1C96673F0036F71E</string>
				<string>298544CD1C96673F0036F71E</string>
				<string>299AEB0A1C979DEF00AF100E</string>
			</array>
			<key>isa</key>
			<string>PBXGroup</string>
			<key>path</key>
			<string>MessageSwift</string>
			<key>sourceTree</key>
			<string>&lt;group&gt;</string>
		</dict>
		<key>298544C11C96673F0036F71E</key>
		<dict>
			<key>isa</key>
			<string>PBXFileReference</string>
			<key>lastKnownFileType</key>
			<string>sourcecode.swift</string>
			<key>path</key>
			<string>AppDelegate.swift</string>
			<key>sourceTree</key>
			<string>&lt;group&gt;</string>
		</dict>
		<key>298544C21C96673F0036F71E</key>
		<dict>
			<key>fileRef</key>
			<string>298544C11C96673F0036F71E</string>
			<key>isa</key>
			<string>PBXBuildFile</string>
		</dict>
		<key>298544C31C96673F0036F71E</key>
		<dict>
			<key>isa</key>
			<string>PBXFileReference</string>
			<key>lastKnownFileType</key>
			<string>sourcecode.swift</string>
			<key>path</key>
			<string>ViewController.swift</string>
			<key>sourceTree</key>
			<string>&lt;group&gt;</string>
		</dict>
		<key>298544C41C96673F0036F71E</key>
		<dict>
			<key>fileRef</key>
			<string>298544C31C96673F0036F71E</string>
			<key>isa</key>
			<string>PBXBuildFile</string>
		</dict>
		<key>298544C51C96673F0036F71E</key>
		<dict>
			<key>children</key>
			<array>
				<string>298544C61C96673F0036F71E</string>
			</array>
			<key>isa</key>
			<string>PBXVariantGroup</string>
			<key>name</key>
			<string>Main.storyboard</string>
			<key>sourceTree</key>
			<string>&lt;group&gt;</string>
		</dict>
		<key>298544C61C96673F0036F71E</key>
		<dict>
			<key>isa</key>
			<string>PBXFileReference</string>
			<key>lastKnownFileType</key>
			<string>file.storyboard</string>
			<key>name</key>
			<string>Base</string>
			<key>path</key>
			<string>Base.lproj/Main.storyboard</string>
			<key>sourceTree</key>
			<string>&lt;group&gt;</string>
		</dict>
		<key>298544C71C96673F0036F71E</key>
		<dict>
			<key>fileRef</key>
			<string>298544C51C96673F0036F71E</string>
			<key>isa</key>
			<string>PBXBuildFile</string>
		</dict>
		<key>298544C81C96673F0036F71E</key>
		<dict>
			<key>isa</key>
			<string>PBXFileReference</string>
			<key>lastKnownFileType</key>
			<string>folder.assetcatalog</string>
			<key>path</key>
			<string>Assets.xcassets</string>
			<key>sourceTree</key>
			<string>&lt;group&gt;</string>
		</dict>
		<key>298544C91C96673F0036F71E</key>
		<dict>
			<key>fileRef</key>
			<string>298544C81C96673F0036F71E</string>
			<key>isa</key>
			<string>PBXBuildFile</string>
		</dict>
		<key>298544CA1C96673F0036F71E</key>
		<dict>
			<key>children</key>
			<array>
				<string>298544CB1C96673F0036F71E</string>
			</array>
			<key>isa</key>
			<string>PBXVariantGroup</string>
			<key>name</key>
			<string>LaunchScreen.storyboard</string>
			<key>sourceTree</key>
			<string>&lt;group&gt;</string>
		</dict>
		<key>298544CB1C96673F0036F71E</key>
		<dict>
			<key>isa</key>
			<string>PBXFileReference</string>
			<key>lastKnownFileType</key>
			<string>file.storyboard</string>
			<key>name</key>
			<string>Base</string>
			<key>path</key>
			<string>Base.lproj/LaunchScreen.storyboard</string>
			<key>sourceTree</key>
			<string>&lt;group&gt;</string>
		</dict>
		<key>298544CC1C96673F0036F71E</key>
		<dict>
			<key>fileRef</key>
			<string>298544CA1C96673F0036F71E</string>
			<key>isa</key>
			<string>PBXBuildFile</string>
		</dict>
		<key>298544CD1C96673F0036F71E</key>
		<dict>
			<key>isa</key>
			<string>PBXFileReference</string>
			<key>lastKnownFileType</key>
			<string>text.plist.xml</string>
			<key>path</key>
			<string>Info.plist</string>
			<key>sourceTree</key>
			<string>&lt;group&gt;</string>
		</dict>
		<key>298544CE1C96673F0036F71E</key>
		<dict>
			<key>buildActionMask</key>
			<string>2147483647</string>
			<key>files</key>
			<array>
				<string>298544D71C96673F0036F71E</string>
			</array>
			<key>isa</key>
			<string>PBXSourcesBuildPhase</string>
			<key>runOnlyForDeploymentPostprocessing</key>
			<string>0</string>
		</dict>
		<key>298544CF1C96673F0036F71E</key>
		<dict>
			<key>buildActionMask</key>
			<string>2147483647</string>
			<key>files</key>
			<array/>
			<key>isa</key>
			<string>PBXFrameworksBuildPhase</string>
			<key>runOnlyForDeploymentPostprocessing</key>
			<string>0</string>
		</dict>
		<key>298544D01C96673F0036F71E</key>
		<dict>
			<key>buildActionMask</key>
			<string>2147483647</string>
			<key>files</key>
			<array/>
			<key>isa</key>
			<string>PBXResourcesBuildPhase</string>
			<key>runOnlyForDeploymentPostprocessing</key>
			<string>0</string>
		</dict>
		<key>298544D11C96673F0036F71E</key>
		<dict>
			<key>buildConfigurationList</key>
			<string>298544E91C96673F0036F71E</string>
			<key>buildPhases</key>
			<array>
				<string>298544CE1C96673F0036F71E</string>
				<string>298544CF1C96673F0036F71E</string>
				<string>298544D01C96673F0036F71E</string>
			</array>
			<key>buildRules</key>
			<array/>
			<key>dependencies</key>
			<array>
				<string>298544D41C96673F0036F71E</string>
			</array>
			<key>isa</key>
			<string>PBXNativeTarget</string>
			<key>name</key>
			<string>MessageSwiftTests</string>
			<key>productName</key>
			<string>MessageSwiftTests</string>
			<key>productReference</key>
			<string>298544D21C96673F0036F71E</string>
			<key>productType</key>
			<string>com.apple.product-type.bundle.unit-test</string>
		</dict>
		<key>298544D21C96673F0036F71E</key>
		<dict>
			<key>explicitFileType</key>
			<string>wrapper.cfbundle</string>
			<key>includeInIndex</key>
			<string>0</string>
			<key>isa</key>
			<string>PBXFileReference</string>
			<key>path</key>
			<string>MessageSwiftTests.xctest</string>
			<key>sourceTree</key>
			<string>BUILT_PRODUCTS_DIR</string>
		</dict>
		<key>298544D31C96673F0036F71E</key>
		<dict>
			<key>containerPortal</key>
			<string>298544B61C96673F0036F71E</string>
			<key>isa</key>
			<string>PBXContainerItemProxy</string>
			<key>proxyType</key>
			<string>1</string>
			<key>remoteGlobalIDString</key>
			<string>298544BD1C96673F0036F71E</string>
			<key>remoteInfo</key>
			<string>MessageSwift</string>
		</dict>
		<key>298544D41C96673F0036F71E</key>
		<dict>
			<key>isa</key>
			<string>PBXTargetDependency</string>
			<key>target</key>
			<string>298544BD1C96673F0036F71E</string>
			<key>targetProxy</key>
			<string>298544D31C96673F0036F71E</string>
		</dict>
		<key>298544D51C96673F0036F71E</key>
		<dict>
			<key>children</key>
			<array>
				<string>298544D61C96673F0036F71E</string>
				<string>298544D81C96673F0036F71E</string>
			</array>
			<key>isa</key>
			<string>PBXGroup</string>
			<key>path</key>
			<string>MessageSwiftTests</string>
			<key>sourceTree</key>
			<string>&lt;group&gt;</string>
		</dict>
		<key>298544D61C96673F0036F71E</key>
		<dict>
			<key>isa</key>
			<string>PBXFileReference</string>
			<key>lastKnownFileType</key>
			<string>sourcecode.swift</string>
			<key>path</key>
			<string>MessageSwiftTests.swift</string>
			<key>sourceTree</key>
			<string>&lt;group&gt;</string>
		</dict>
		<key>298544D71C96673F0036F71E</key>
		<dict>
			<key>fileRef</key>
			<string>298544D61C96673F0036F71E</string>
			<key>isa</key>
			<string>PBXBuildFile</string>
		</dict>
		<key>298544D81C96673F0036F71E</key>
		<dict>
			<key>isa</key>
			<string>PBXFileReference</string>
			<key>lastKnownFileType</key>
			<string>text.plist.xml</string>
			<key>path</key>
			<string>Info.plist</string>
			<key>sourceTree</key>
			<string>&lt;group&gt;</string>
		</dict>
		<key>298544D91C96673F0036F71E</key>
		<dict>
			<key>buildActionMask</key>
			<string>2147483647</string>
			<key>files</key>
			<array>
				<string>298544E21C96673F0036F71E</string>
			</array>
			<key>isa</key>
			<string>PBXSourcesBuildPhase</string>
			<key>runOnlyForDeploymentPostprocessing</key>
			<string>0</string>
		</dict>
		<key>298544DA1C96673F0036F71E</key>
		<dict>
			<key>buildActionMask</key>
			<string>2147483647</string>
			<key>files</key>
			<array/>
			<key>isa</key>
			<string>PBXFrameworksBuildPhase</string>
			<key>runOnlyForDeploymentPostprocessing</key>
			<string>0</string>
		</dict>
		<key>298544DB1C96673F0036F71E</key>
		<dict>
			<key>buildActionMask</key>
			<string>2147483647</string>
			<key>files</key>
			<array/>
			<key>isa</key>
			<string>PBXResourcesBuildPhase</string>
			<key>runOnlyForDeploymentPostprocessing</key>
			<string>0</string>
		</dict>
		<key>298544DC1C96673F0036F71E</key>
		<dict>
			<key>buildConfigurationList</key>
			<string>298544EC1C96673F0036F71E</string>
			<key>buildPhases</key>
			<array>
				<string>298544D91C96673F0036F71E</string>
				<string>298544DA1C96673F0036F71E</string>
				<string>298544DB1C96673F0036F71E</string>
			</array>
			<key>buildRules</key>
			<array/>
			<key>dependencies</key>
			<array>
				<string>298544DF1C96673F0036F71E</string>
			</array>
			<key>isa</key>
			<string>PBXNativeTarget</string>
			<key>name</key>
			<string>MessageSwiftUITests</string>
			<key>productName</key>
			<string>MessageSwiftUITests</string>
			<key>productReference</key>
			<string>298544DD1C96673F0036F71E</string>
			<key>productType</key>
			<string>com.apple.product-type.bundle.ui-testing</string>
		</dict>
		<key>298544DD1C96673F0036F71E</key>
		<dict>
			<key>explicitFileType</key>
			<string>wrapper.cfbundle</string>
			<key>includeInIndex</key>
			<string>0</string>
			<key>isa</key>
			<string>PBXFileReference</string>
			<key>path</key>
			<string>MessageSwiftUITests.xctest</string>
			<key>sourceTree</key>
			<string>BUILT_PRODUCTS_DIR</string>
		</dict>
		<key>298544DE1C96673F0036F71E</key>
		<dict>
			<key>containerPortal</key>
			<string>298544B61C96673F0036F71E</string>
			<key>isa</key>
			<string>PBXContainerItemProxy</string>
			<key>proxyType</key>
			<string>1</string>
			<key>remoteGlobalIDString</key>
			<string>298544BD1C96673F0036F71E</string>
			<key>remoteInfo</key>
			<string>MessageSwift</string>
		</dict>
		<key>298544DF1C96673F0036F71E</key>
		<dict>
			<key>isa</key>
			<string>PBXTargetDependency</string>
			<key>target</key>
			<string>298544BD1C96673F0036F71E</string>
			<key>targetProxy</key>
			<string>298544DE1C96673F0036F71E</string>
		</dict>
		<key>298544E01C96673F0036F71E</key>
		<dict>
			<key>children</key>
			<array>
				<string>298544E11C96673F0036F71E</string>
				<string>298544E31C96673F0036F71E</string>
			</array>
			<key>isa</key>
			<string>PBXGroup</string>
			<key>path</key>
			<string>MessageSwiftUITests</string>
			<key>sourceTree</key>
			<string>&lt;group&gt;</string>
		</dict>
		<key>298544E11C96673F0036F71E</key>
		<dict>
			<key>isa</key>
			<string>PBXFileReference</string>
			<key>lastKnownFileType</key>
			<string>sourcecode.swift</string>
			<key>path</key>
			<string>MessageSwiftUITests.swift</string>
			<key>sourceTree</key>
			<string>&lt;group&gt;</string>
		</dict>
		<key>298544E21C96673F0036F71E</key>
		<dict>
			<key>fileRef</key>
			<string>298544E11C96673F0036F71E</string>
			<key>isa</key>
			<string>PBXBuildFile</string>
		</dict>
		<key>298544E31C96673F0036F71E</key>
		<dict>
			<key>isa</key>
			<string>PBXFileReference</string>
			<key>lastKnownFileType</key>
			<string>text.plist.xml</string>
			<key>path</key>
			<string>Info.plist</string>
			<key>sourceTree</key>
			<string>&lt;group&gt;</string>
		</dict>
		<key>298544E41C96673F0036F71E</key>
		<dict>
			<key>buildSettings</key>
			<dict>
				<key>ALWAYS_SEARCH_USER_PATHS</key>
				<string>NO</string>
				<key>CLANG_CXX_LANGUAGE_STANDARD</key>
				<string>gnu++0x</string>
				<key>CLANG_CXX_LIBRARY</key>
				<string>libc++</string>
				<key>CLANG_ENABLE_MODULES</key>
				<string>YES</string>
				<key>CLANG_ENABLE_OBJC_ARC</key>
				<string>YES</string>
				<key>CLANG_WARN_BOOL_CONVERSION</key>
				<string>YES</string>
				<key>CLANG_WARN_CONSTANT_CONVERSION</key>
				<string>YES</string>
				<key>CLANG_WARN_DIRECT_OBJC_ISA_USAGE</key>
				<string>YES_ERROR</string>
				<key>CLANG_WARN_EMPTY_BODY</key>
				<string>YES</string>
				<key>CLANG_WARN_ENUM_CONVERSION</key>
				<string>YES</string>
				<key>CLANG_WARN_INT_CONVERSION</key>
				<string>YES</string>
				<key>CLANG_WARN_OBJC_ROOT_CLASS</key>
				<string>YES_ERROR</string>
				<key>CLANG_WARN_UNREACHABLE_CODE</key>
				<string>YES</string>
				<key>CLANG_WARN__DUPLICATE_METHOD_MATCH</key>
				<string>YES</string>
				<key>CODE_SIGN_IDENTITY[sdk=iphoneos*]</key>
				<string>iPhone Developer</string>
				<key>COPY_PHASE_STRIP</key>
				<string>NO</string>
				<key>DEBUG_INFORMATION_FORMAT</key>
				<string>dwarf</string>
				<key>ENABLE_STRICT_OBJC_MSGSEND</key>
				<string>YES</string>
				<key>ENABLE_TESTABILITY</key>
				<string>YES</string>
				<key>GCC_C_LANGUAGE_STANDARD</key>
				<string>gnu99</string>
				<key>GCC_DYNAMIC_NO_PIC</key>
				<string>NO</string>
				<key>GCC_NO_COMMON_BLOCKS</key>
				<string>YES</string>
				<key>GCC_OPTIMIZATION_LEVEL</key>
				<string>0</string>
				<key>GCC_PREPROCESSOR_DEFINITIONS</key>
				<array>
					<string>DEBUG=1</string>
					<string>$(inherited)</string>
				</array>
				<key>GCC_WARN_64_TO_32_BIT_CONVERSION</key>
				<string>YES</string>
				<key>GCC_WARN_ABOUT_RETURN_TYPE</key>
				<string>YES_ERROR</string>
				<key>GCC_WARN_UNDECLARED_SELECTOR</key>
				<string>YES</string>
				<key>GCC_WARN_UNINITIALIZED_AUTOS</key>
				<string>YES_AGGRESSIVE</string>
				<key>GCC_WARN_UNUSED_FUNCTION</key>
				<string>YES</string>
				<key>GCC_WARN_UNUSED_VARIABLE</key>
				<string>YES</string>
				<key>IPHONEOS_DEPLOYMENT_TARGET</key>
				<string>9.2</string>
				<key>MTL_ENABLE_DEBUG_INFO</key>
				<string>YES</string>
				<key>ONLY_ACTIVE_ARCH</key>
				<string>YES</string>
				<key>SDKROOT</key>
				<string>iphoneos</string>
				<key>SWIFT_OPTIMIZATION_LEVEL</key>
				<string>-Onone</string>
			</dict>
			<key>isa</key>
			<string>XCBuildConfiguration</string>
			<key>name</key>
			<string>Debug</string>
		</dict>
		<key>298544E51C96673F0036F71E</key>
		<dict>
			<key>buildSettings</key>
			<dict>
				<key>ALWAYS_SEARCH_USER_PATHS</key>
				<string>NO</string>
				<key>CLANG_CXX_LANGUAGE_STANDARD</key>
				<string>gnu++0x</string>
				<key>CLANG_CXX_LIBRARY</key>
				<string>libc++</string>
				<key>CLANG_ENABLE_MODULES</key>
				<string>YES</string>
				<key>CLANG_ENABLE_OBJC_ARC</key>
				<string>YES</string>
				<key>CLANG_WARN_BOOL_CONVERSION</key>
				<string>YES</string>
				<key>CLANG_WARN_CONSTANT_CONVERSION</key>
				<string>YES</string>
				<key>CLANG_WARN_DIRECT_OBJC_ISA_USAGE</key>
				<string>YES_ERROR</string>
				<key>CLANG_WARN_EMPTY_BODY</key>
				<string>YES</string>
				<key>CLANG_WARN_ENUM_CONVERSION</key>
				<string>YES</string>
				<key>CLANG_WARN_INT_CONVERSION</key>
				<string>YES</string>
				<key>CLANG_WARN_OBJC_ROOT_CLASS</key>
				<string>YES_ERROR</string>
				<key>CLANG_WARN_UNREACHABLE_CODE</key>
				<string>YES</string>
				<key>CLANG_WARN__DUPLICATE_METHOD_MATCH</key>
				<string>YES</string>
				<key>CODE_SIGN_IDENTITY[sdk=iphoneos*]</key>
				<string>iPhone Developer</string>
				<key>COPY_PHASE_STRIP</key>
				<string>NO</string>
				<key>DEBUG_INFORMATION_FORMAT</key>
				<string>dwarf-with-dsym</string>
				<key>ENABLE_NS_ASSERTIONS</key>
				<string>NO</string>
				<key>ENABLE_STRICT_OBJC_MSGSEND</key>
				<string>YES</string>
				<key>GCC_C_LANGUAGE_STANDARD</key>
				<string>gnu99</string>
				<key>GCC_NO_COMMON_BLOCKS</key>
				<string>YES</string>
				<key>GCC_WARN_64_TO_32_BIT_CONVERSION</key>
				<string>YES</string>
				<key>GCC_WARN_ABOUT_RETURN_TYPE</key>
				<string>YES_ERROR</string>
				<key>GCC_WARN_UNDECLARED_SELECTOR</key>
				<string>YES</string>
				<key>GCC_WARN_UNINITIALIZED_AUTOS</key>
				<string>YES_AGGRESSIVE</string>
				<key>GCC_WARN_UNUSED_FUNCTION</key>
				<string>YES</string>
				<key>GCC_WARN_UNUSED_VARIABLE</key>
				<string>YES</string>
				<key>IPHONEOS_DEPLOYMENT_TARGET</key>
				<string>9.2</string>
				<key>MTL_ENABLE_DEBUG_INFO</key>
				<string>NO</string>
				<key>SDKROOT</key>
				<string>iphoneos</string>
				<key>VALIDATE_PRODUCT</key>
				<string>YES</string>
			</dict>
			<key>isa</key>
			<string>XCBuildConfiguration</string>
			<key>name</key>
			<string>Release</string>
		</dict>
		<key>298544E61C96673F0036F71E</key>
		<dict>
			<key>buildConfigurations</key>
			<array>
				<string>298544E71C96673F0036F71E</string>
				<string>298544E81C96673F0036F71E</string>
			</array>
			<key>defaultConfigurationIsVisible</key>
			<string>0</string>
			<key>defaultConfigurationName</key>
			<string>Release</string>
			<key>isa</key>
			<string>XCConfigurationList</string>
		</dict>
		<key>298544E71C96673F0036F71E</key>
		<dict>
			<key>baseConfigurationReference</key>
			<string>749F551C9A101E7FFC970295</string>
			<key>buildSettings</key>
			<dict>
				<key>ASSETCATALOG_COMPILER_APPICON_NAME</key>
				<string>AppIcon</string>
				<key>ASSETCATALOG_COMPILER_LAUNCHIMAGE_NAME</key>
				<string>Brand Assets</string>
				<key>CODE_SIGN_IDENTITY</key>
				<string>iPhone Developer</string>
				<key>EMBEDDED_CONTENT_CONTAINS_SWIFT</key>
				<string>YES</string>
				<key>EMBED_ASSET_PACKS_IN_PRODUCT_BUNDLE</key>
				<string>NO</string>
				<key>ENABLE_BITCODE</key>
				<string>NO</string>
				<key>FRAMEWORK_SEARCH_PATHS</key>
				<array>
					<string>$(inherited)</string>
					<string>$(PROJECT_DIR)/Tools</string>
					<string>$(PROJECT_DIR)/build/Debug-iphoneos</string>
				</array>
				<key>GCC_PRECOMPILE_PREFIX_HEADER</key>
				<string>YES</string>
				<key>GCC_PREFIX_HEADER</key>
				<string>$(SRCROOT)Tools/PrefixHeader.pch</string>
				<key>HEADER_SEARCH_PATHS</key>
				<array>
					<string>$(inherited)</string>
					<string>"${PODS_ROOT}/Headers/Public"</string>
					<string>"${PODS_ROOT}/Headers/Public/AFNetworking"</string>
					<string>"${PODS_ROOT}/Headers/Public/IQKeyboardManager"</string>
					<string>"${PODS_ROOT}/Headers/Public/MJExtension"</string>
					<string>"${PODS_ROOT}/Headers/Public/MJRefresh"</string>
					<string>"${PODS_ROOT}/Headers/Public/MMDrawerController"</string>
					<string>"${PODS_ROOT}/Headers/Public/Masonry"</string>
					<string>"${PODS_ROOT}/Headers/Public/PNChart"</string>
					<string>"${PODS_ROOT}/Headers/Public/SDWebImage"</string>
					<string>"${PODS_ROOT}/Headers/Public/SVProgressHUD"</string>
					<string>"${PODS_ROOT}/Headers/Public/UICountingLabel"</string>
					<string>$(PODS_ROOT)/**</string>
				</array>
				<key>INFOPLIST_FILE</key>
				<string>MessageSwift/Info.plist</string>
				<key>IPHONEOS_DEPLOYMENT_TARGET</key>
				<string>8.0</string>
				<key>LD_RUNPATH_SEARCH_PATHS</key>
				<string>$(inherited) @executable_path/Frameworks</string>
				<key>LIBRARY_SEARCH_PATHS</key>
				<array>
					<string>$(inherited)</string>
					<string>$(PROJECT_DIR)/Tools/JuheApisSDK</string>
				</array>
				<key>OTHER_SWIFT_FLAGS</key>
				<string>$(inherited) "-D" "COCOAPODS" -DSNAPKIT_DEPLOYMENT_LEGACY</string>
				<key>PRODUCT_BUNDLE_IDENTIFIER</key>
				<string>caoyunxiao.MessageSwift</string>
				<key>PRODUCT_NAME</key>
				<string>$(TARGET_NAME)</string>
				<key>SWIFT_INCLUDE_PATHS</key>
				<string></string>
				<key>SWIFT_OBJC_BRIDGING_HEADER</key>
				<string>$(SRCROOT)/Tools/PrefixHeader.pch</string>
				<key>USER_HEADER_SEARCH_PATHS</key>
				<string>$(PODS_ROOT)/**</string>
			</dict>
			<key>isa</key>
			<string>XCBuildConfiguration</string>
			<key>name</key>
			<string>Debug</string>
		</dict>
		<key>298544E81C96673F0036F71E</key>
		<dict>
			<key>baseConfigurationReference</key>
			<string>FDD73409DB5E3AF789A0167A</string>
			<key>buildSettings</key>
			<dict>
				<key>ASSETCATALOG_COMPILER_APPICON_NAME</key>
				<string>AppIcon</string>
				<key>ASSETCATALOG_COMPILER_LAUNCHIMAGE_NAME</key>
				<string>Brand Assets</string>
				<key>CODE_SIGN_IDENTITY</key>
				<string>iPhone Developer</string>
				<key>EMBEDDED_CONTENT_CONTAINS_SWIFT</key>
				<string>YES</string>
				<key>EMBED_ASSET_PACKS_IN_PRODUCT_BUNDLE</key>
				<string>NO</string>
				<key>ENABLE_BITCODE</key>
				<string>NO</string>
				<key>FRAMEWORK_SEARCH_PATHS</key>
				<array>
					<string>$(inherited)</string>
					<string>$(PROJECT_DIR)/Tools</string>
					<string>$(PROJECT_DIR)/build/Debug-iphoneos</string>
				</array>
				<key>GCC_PRECOMPILE_PREFIX_HEADER</key>
				<string>YES</string>
				<key>GCC_PREFIX_HEADER</key>
				<string>$(SRCROOT)Tools/PrefixHeader.pch</string>
				<key>HEADER_SEARCH_PATHS</key>
				<array>
					<string>$(inherited)</string>
					<string>"${PODS_ROOT}/Headers/Public"</string>
					<string>"${PODS_ROOT}/Headers/Public/AFNetworking"</string>
					<string>"${PODS_ROOT}/Headers/Public/IQKeyboardManager"</string>
					<string>"${PODS_ROOT}/Headers/Public/MJExtension"</string>
					<string>"${PODS_ROOT}/Headers/Public/MJRefresh"</string>
					<string>"${PODS_ROOT}/Headers/Public/MMDrawerController"</string>
					<string>"${PODS_ROOT}/Headers/Public/Masonry"</string>
					<string>"${PODS_ROOT}/Headers/Public/PNChart"</string>
					<string>"${PODS_ROOT}/Headers/Public/SDWebImage"</string>
					<string>"${PODS_ROOT}/Headers/Public/SVProgressHUD"</string>
					<string>"${PODS_ROOT}/Headers/Public/UICountingLabel"</string>
					<string>$(PODS_ROOT)/**</string>
				</array>
				<key>INFOPLIST_FILE</key>
				<string>MessageSwift/Info.plist</string>
				<key>IPHONEOS_DEPLOYMENT_TARGET</key>
				<string>8.0</string>
				<key>LD_RUNPATH_SEARCH_PATHS</key>
				<string>$(inherited) @executable_path/Frameworks</string>
				<key>LIBRARY_SEARCH_PATHS</key>
				<array>
					<string>$(inherited)</string>
					<string>$(PROJECT_DIR)/Tools/JuheApisSDK</string>
				</array>
				<key>OTHER_SWIFT_FLAGS</key>
				<string>$(inherited) "-D" "COCOAPODS" -DSNAPKIT_DEPLOYMENT_LEGACY</string>
				<key>PRODUCT_BUNDLE_IDENTIFIER</key>
				<string>caoyunxiao.MessageSwift</string>
				<key>PRODUCT_NAME</key>
				<string>$(TARGET_NAME)</string>
				<key>SWIFT_INCLUDE_PATHS</key>
				<string></string>
				<key>SWIFT_OBJC_BRIDGING_HEADER</key>
				<string>$(SRCROOT)/Tools/PrefixHeader.pch</string>
				<key>USER_HEADER_SEARCH_PATHS</key>
				<string>$(PODS_ROOT)/**</string>
			</dict>
			<key>isa</key>
			<string>XCBuildConfiguration</string>
			<key>name</key>
			<string>Release</string>
		</dict>
		<key>298544E91C96673F0036F71E</key>
		<dict>
			<key>buildConfigurations</key>
			<array>
				<string>298544EA1C96673F0036F71E</string>
				<string>298544EB1C96673F0036F71E</string>
			</array>
			<key>defaultConfigurationIsVisible</key>
			<string>0</string>
			<key>defaultConfigurationName</key>
			<string>Release</string>
			<key>isa</key>
			<string>XCConfigurationList</string>
		</dict>
		<key>298544EA1C96673F0036F71E</key>
		<dict>
			<key>buildSettings</key>
			<dict>
				<key>BUNDLE_LOADER</key>
				<string>$(TEST_HOST)</string>
				<key>INFOPLIST_FILE</key>
				<string>MessageSwiftTests/Info.plist</string>
				<key>LD_RUNPATH_SEARCH_PATHS</key>
				<string>$(inherited) @executable_path/Frameworks @loader_path/Frameworks</string>
				<key>PRODUCT_BUNDLE_IDENTIFIER</key>
				<string>caoyunxiao.MessageSwiftTests</string>
				<key>PRODUCT_NAME</key>
				<string>$(TARGET_NAME)</string>
				<key>TEST_HOST</key>
				<string>$(BUILT_PRODUCTS_DIR)/MessageSwift.app/MessageSwift</string>
			</dict>
			<key>isa</key>
			<string>XCBuildConfiguration</string>
			<key>name</key>
			<string>Debug</string>
		</dict>
		<key>298544EB1C96673F0036F71E</key>
		<dict>
			<key>buildSettings</key>
			<dict>
				<key>BUNDLE_LOADER</key>
				<string>$(TEST_HOST)</string>
				<key>INFOPLIST_FILE</key>
				<string>MessageSwiftTests/Info.plist</string>
				<key>LD_RUNPATH_SEARCH_PATHS</key>
				<string>$(inherited) @executable_path/Frameworks @loader_path/Frameworks</string>
				<key>PRODUCT_BUNDLE_IDENTIFIER</key>
				<string>caoyunxiao.MessageSwiftTests</string>
				<key>PRODUCT_NAME</key>
				<string>$(TARGET_NAME)</string>
				<key>TEST_HOST</key>
				<string>$(BUILT_PRODUCTS_DIR)/MessageSwift.app/MessageSwift</string>
			</dict>
			<key>isa</key>
			<string>XCBuildConfiguration</string>
			<key>name</key>
			<string>Release</string>
		</dict>
		<key>298544EC1C96673F0036F71E</key>
		<dict>
			<key>buildConfigurations</key>
			<array>
				<string>298544ED1C96673F0036F71E</string>
				<string>298544EE1C96673F0036F71E</string>
			</array>
			<key>defaultConfigurationIsVisible</key>
			<string>0</string>
			<key>defaultConfigurationName</key>
			<string>Release</string>
			<key>isa</key>
			<string>XCConfigurationList</string>
		</dict>
		<key>298544ED1C96673F0036F71E</key>
		<dict>
			<key>buildSettings</key>
			<dict>
				<key>INFOPLIST_FILE</key>
				<string>MessageSwiftUITests/Info.plist</string>
				<key>LD_RUNPATH_SEARCH_PATHS</key>
				<string>$(inherited) @executable_path/Frameworks @loader_path/Frameworks</string>
				<key>PRODUCT_BUNDLE_IDENTIFIER</key>
				<string>caoyunxiao.MessageSwiftUITests</string>
				<key>PRODUCT_NAME</key>
				<string>$(TARGET_NAME)</string>
				<key>TEST_TARGET_NAME</key>
				<string>MessageSwift</string>
				<key>USES_XCTRUNNER</key>
				<string>YES</string>
			</dict>
			<key>isa</key>
			<string>XCBuildConfiguration</string>
			<key>name</key>
			<string>Debug</string>
		</dict>
		<key>298544EE1C96673F0036F71E</key>
		<dict>
			<key>buildSettings</key>
			<dict>
				<key>INFOPLIST_FILE</key>
				<string>MessageSwiftUITests/Info.plist</string>
				<key>LD_RUNPATH_SEARCH_PATHS</key>
				<string>$(inherited) @executable_path/Frameworks @loader_path/Frameworks</string>
				<key>PRODUCT_BUNDLE_IDENTIFIER</key>
				<string>caoyunxiao.MessageSwiftUITests</string>
				<key>PRODUCT_NAME</key>
				<string>$(TARGET_NAME)</string>
				<key>TEST_TARGET_NAME</key>
				<string>MessageSwift</string>
				<key>USES_XCTRUNNER</key>
				<string>YES</string>
			</dict>
			<key>isa</key>
			<string>XCBuildConfiguration</string>
			<key>name</key>
			<string>Release</string>
		</dict>
		<key>298544F21C96682E0036F71E</key>
		<dict>
			<key>children</key>
			<array>
				<string>29915D7E1CA273B500905171</string>
				<string>293F214B1C9B8C5B00E28FE9</string>
				<string>2956FCED1C97FADF00D35DD9</string>
				<string>2956FCD11C97E12B00D35DD9</string>
				<string>298544F51C96687A0036F71E</string>
				<string>29B8785F1C96B7C5005CE7D9</string>
				<string>298544FF1C96702B0036F71E</string>
			</array>
			<key>isa</key>
			<string>PBXGroup</string>
			<key>path</key>
			<string>Tools</string>
			<key>sourceTree</key>
			<string>&lt;group&gt;</string>
		</dict>
		<key>298544F31C96682E0036F71E</key>
		<dict>
			<key>children</key>
			<array>
				<string>298545181C9689DC0036F71E</string>
				<string>298545151C9688700036F71E</string>
				<string>298544FE1C9670000036F71E</string>
				<string>298544FD1C966FDE0036F71E</string>
				<string>298544FC1C966FD10036F71E</string>
				<string>298544FB1C966FA90036F71E</string>
				<string>298544FA1C966F9D0036F71E</string>
				<string>298544F91C966F750036F71E</string>
				<string>298544F81C966F680036F71E</string>
				<string>298544F61C966F330036F71E</string>
			</array>
			<key>isa</key>
			<string>PBXGroup</string>
			<key>path</key>
			<string>Myclass</string>
			<key>sourceTree</key>
			<string>&lt;group&gt;</string>
		</dict>
		<key>298544F51C96687A0036F71E</key>
		<dict>
			<key>isa</key>
			<string>PBXFileReference</string>
			<key>lastKnownFileType</key>
			<string>sourcecode.c.h</string>
			<key>path</key>
			<string>PrefixHeader.pch</string>
			<key>sourceTree</key>
			<string>&lt;group&gt;</string>
		</dict>
		<key>298544F61C966F330036F71E</key>
		<dict>
			<key>children</key>
			<array>
				<string>298545011C96711D0036F71E</string>
				<string>298545021C96711D0036F71E</string>
			</array>
			<key>isa</key>
			<string>PBXGroup</string>
			<key>name</key>
			<string>Login</string>
			<key>sourceTree</key>
			<string>&lt;group&gt;</string>
		</dict>
		<key>298544F81C966F680036F71E</key>
		<dict>
			<key>children</key>
			<array>
				<string>2981513F1C9FCD9C000E1A6C</string>
				<string>290233751C9A3CDC00C4EA38</string>
				<string>2985451B1C968A260036F71E</string>
			</array>
			<key>isa</key>
			<string>PBXGroup</string>
			<key>name</key>
			<string>Kuaidi</string>
			<key>sourceTree</key>
			<string>&lt;group&gt;</string>
		</dict>
		<key>298544F91C966F750036F71E</key>
		<dict>
			<key>children</key>
			<array>
				<string>2985451D1C968A5A0036F71E</string>
			</array>
			<key>isa</key>
			<string>PBXGroup</string>
			<key>name</key>
			<string>PhoneNumber</string>
			<key>sourceTree</key>
			<string>&lt;group&gt;</string>
		</dict>
		<key>298544FA1C966F9D0036F71E</key>
		<dict>
			<key>children</key>
			<array>
				<string>29915D751CA22AFC00905171</string>
				<string>2956FC921C97B0A400D35DD9</string>
			</array>
			<key>isa</key>
			<string>PBXGroup</string>
			<key>name</key>
			<string>Joke</string>
			<key>sourceTree</key>
			<string>&lt;group&gt;</string>
		</dict>
		<key>298544FB1C966FA90036F71E</key>
		<dict>
			<key>children</key>
			<array>
				<string>2956FC941C97B0BB00D35DD9</string>
			</array>
			<key>isa</key>
			<string>PBXGroup</string>
			<key>name</key>
			<string>Translation</string>
			<key>sourceTree</key>
			<string>&lt;group&gt;</string>
		</dict>
		<key>298544FC1C966FD10036F71E</key>
		<dict>
			<key>children</key>
			<array>
				<string>2956FC961C97B0CD00D35DD9</string>
			</array>
			<key>isa</key>
			<string>PBXGroup</string>
			<key>name</key>
			<string>Robot</string>
			<key>sourceTree</key>
			<string>&lt;group&gt;</string>
		</dict>
		<key>298544FD1C966FDE0036F71E</key>
		<dict>
			<key>children</key>
			<array>
				<string>2956FC981C97B0DC00D35DD9</string>
			</array>
			<key>isa</key>
			<string>PBXGroup</string>
			<key>name</key>
			<string>health</string>
			<key>sourceTree</key>
			<string>&lt;group&gt;</string>
		</dict>
		<key>298544FE1C9670000036F71E</key>
		<dict>
			<key>children</key>
			<array>
				<string>29915D871CA2932B00905171</string>
			</array>
			<key>isa</key>
			<string>PBXGroup</string>
			<key>name</key>
			<string>Video</string>
			<key>sourceTree</key>
			<string>&lt;group&gt;</string>
		</dict>
		<key>298544FF1C96702B0036F71E</key>
		<dict>
			<key>fileEncoding</key>
			<string>4</string>
			<key>isa</key>
			<string>PBXFileReference</string>
			<key>lastKnownFileType</key>
			<string>sourcecode.swift</string>
			<key>path</key>
			<string>BaseViewController.swift</string>
			<key>sourceTree</key>
			<string>&lt;group&gt;</string>
		</dict>
		<key>298545001C96702B0036F71E</key>
		<dict>
			<key>fileRef</key>
			<string>298544FF1C96702B0036F71E</string>
			<key>isa</key>
			<string>PBXBuildFile</string>
		</dict>
		<key>298545011C96711D0036F71E</key>
		<dict>
			<key>fileEncoding</key>
			<string>4</string>
			<key>isa</key>
			<string>PBXFileReference</string>
			<key>lastKnownFileType</key>
			<string>sourcecode.swift</string>
			<key>path</key>
			<string>LoginViewController.swift</string>
			<key>sourceTree</key>
			<string>&lt;group&gt;</string>
		</dict>
		<key>298545021C96711D0036F71E</key>
		<dict>
			<key>fileEncoding</key>
			<string>4</string>
			<key>isa</key>
			<string>PBXFileReference</string>
			<key>lastKnownFileType</key>
			<string>file.xib</string>
			<key>path</key>
			<string>LoginViewController.xib</string>
			<key>sourceTree</key>
			<string>&lt;group&gt;</string>
		</dict>
		<key>298545031C96711D0036F71E</key>
		<dict>
			<key>fileRef</key>
			<string>298545011C96711D0036F71E</string>
			<key>isa</key>
			<string>PBXBuildFile</string>
		</dict>
		<key>298545041C96711D0036F71E</key>
		<dict>
			<key>fileRef</key>
			<string>298545021C96711D0036F71E</string>
			<key>isa</key>
			<string>PBXBuildFile</string>
		</dict>
		<key>298545151C9688700036F71E</key>
		<dict>
			<key>children</key>
			<array>
				<string>298545161C96888D0036F71E</string>
			</array>
			<key>isa</key>
			<string>PBXGroup</string>
			<key>name</key>
			<string>Drawer</string>
			<key>sourceTree</key>
			<string>&lt;group&gt;</string>
		</dict>
		<key>298545161C96888D0036F71E</key>
		<dict>
			<key>fileEncoding</key>
			<string>4</string>
			<key>isa</key>
			<string>PBXFileReference</string>
			<key>lastKnownFileType</key>
			<string>sourcecode.swift</string>
			<key>path</key>
			<string>LeftViewController.swift</string>
			<key>sourceTree</key>
			<string>&lt;group&gt;</string>
		</dict>
		<key>298545171C96888D0036F71E</key>
		<dict>
			<key>fileRef</key>
			<string>298545161C96888D0036F71E</string>
			<key>isa</key>
			<string>PBXBuildFile</string>
		</dict>
		<key>298545181C9689DC0036F71E</key>
		<dict>
			<key>children</key>
			<array>
				<string>298545191C968A020036F71E</string>
			</array>
			<key>isa</key>
			<string>PBXGroup</string>
			<key>name</key>
			<string>CardID</string>
			<key>sourceTree</key>
			<string>&lt;group&gt;</string>
		</dict>
		<key>298545191C968A020036F71E</key>
		<dict>
			<key>fileEncoding</key>
			<string>4</string>
			<key>isa</key>
			<string>PBXFileReference</string>
			<key>lastKnownFileType</key>
			<string>sourcecode.swift</string>
			<key>path</key>
			<string>CarIDViewController.swift</string>
			<key>sourceTree</key>
			<string>&lt;group&gt;</string>
		</dict>
		<key>2985451A1C968A020036F71E</key>
		<dict>
			<key>fileRef</key>
			<string>298545191C968A020036F71E</string>
			<key>isa</key>
			<string>PBXBuildFile</string>
		</dict>
		<key>2985451B1C968A260036F71E</key>
		<dict>
			<key>fileEncoding</key>
			<string>4</string>
			<key>isa</key>
			<string>PBXFileReference</string>
			<key>lastKnownFileType</key>
			<string>sourcecode.swift</string>
			<key>path</key>
			<string>KuaidiViewController.swift</string>
			<key>sourceTree</key>
			<string>&lt;group&gt;</string>
		</dict>
		<key>2985451C1C968A260036F71E</key>
		<dict>
			<key>fileRef</key>
			<string>2985451B1C968A260036F71E</string>
			<key>isa</key>
			<string>PBXBuildFile</string>
		</dict>
		<key>2985451D1C968A5A0036F71E</key>
		<dict>
			<key>fileEncoding</key>
			<string>4</string>
			<key>isa</key>
			<string>PBXFileReference</string>
			<key>lastKnownFileType</key>
			<string>sourcecode.swift</string>
			<key>path</key>
			<string>PhoneNumberViewController.swift</string>
			<key>sourceTree</key>
			<string>&lt;group&gt;</string>
		</dict>
		<key>2985451E1C968A5A0036F71E</key>
		<dict>
			<key>fileRef</key>
			<string>2985451D1C968A5A0036F71E</string>
			<key>isa</key>
			<string>PBXBuildFile</string>
		</dict>
		<key>29915D751CA22AFC00905171</key>
		<dict>
			<key>children</key>
			<array>
				<string>29915D7C1CA22B1800905171</string>
			</array>
			<key>isa</key>
			<string>PBXGroup</string>
			<key>name</key>
			<string>JokeCell</string>
			<key>sourceTree</key>
			<string>&lt;group&gt;</string>
		</dict>
		<key>29915D7C1CA22B1800905171</key>
		<dict>
			<key>fileEncoding</key>
			<string>4</string>
			<key>isa</key>
			<string>PBXFileReference</string>
			<key>lastKnownFileType</key>
			<string>sourcecode.swift</string>
			<key>path</key>
			<string>JokeTableviewCell.swift</string>
			<key>sourceTree</key>
			<string>&lt;group&gt;</string>
		</dict>
		<key>29915D7D1CA22B1800905171</key>
		<dict>
			<key>fileRef</key>
			<string>29915D7C1CA22B1800905171</string>
			<key>isa</key>
			<string>PBXBuildFile</string>
		</dict>
		<key>29915D7E1CA273B500905171</key>
		<dict>
			<key>children</key>
			<array>
				<string>29915D7F1CA273ED00905171</string>
				<string>29915D831CA2788C00905171</string>
			</array>
			<key>isa</key>
			<string>PBXGroup</string>
			<key>name</key>
			<string>MJGifHeaderAndFoot</string>
			<key>sourceTree</key>
			<string>&lt;group&gt;</string>
		</dict>
		<key>29915D7F1CA273ED00905171</key>
		<dict>
			<key>fileEncoding</key>
			<string>4</string>
			<key>isa</key>
			<string>PBXFileReference</string>
			<key>lastKnownFileType</key>
			<string>sourcecode.swift</string>
			<key>path</key>
			<string>MJRefreshCustomHeader.swift</string>
			<key>sourceTree</key>
			<string>&lt;group&gt;</string>
		</dict>
		<key>29915D801CA273ED00905171</key>
		<dict>
			<key>fileRef</key>
			<string>29915D7F1CA273ED00905171</string>
			<key>isa</key>
			<string>PBXBuildFile</string>
		</dict>
		<key>29915D831CA2788C00905171</key>
		<dict>
			<key>fileEncoding</key>
			<string>4</string>
			<key>isa</key>
			<string>PBXFileReference</string>
			<key>lastKnownFileType</key>
			<string>sourcecode.swift</string>
			<key>path</key>
			<string>MJRefreshCustomFooter.swift</string>
			<key>sourceTree</key>
			<string>&lt;group&gt;</string>
		</dict>
		<key>29915D841CA2788C00905171</key>
		<dict>
			<key>fileRef</key>
			<string>29915D831CA2788C00905171</string>
			<key>isa</key>
			<string>PBXBuildFile</string>
		</dict>
		<key>29915D871CA2932B00905171</key>
		<dict>
			<key>fileEncoding</key>
			<string>4</string>
			<key>isa</key>
			<string>PBXFileReference</string>
			<key>lastKnownFileType</key>
			<string>sourcecode.swift</string>
			<key>path</key>
			<string>VideoViewController.swift</string>
			<key>sourceTree</key>
			<string>&lt;group&gt;</string>
		</dict>
		<key>29915D881CA2932B00905171</key>
		<dict>
			<key>fileRef</key>
			<string>29915D871CA2932B00905171</string>
			<key>isa</key>
			<string>PBXBuildFile</string>
		</dict>
		<key>299AEB0A1C979DEF00AF100E</key>
		<dict>
			<key>isa</key>
			<string>PBXFileReference</string>
			<key>lastKnownFileType</key>
			<string>folder.assetcatalog</string>
			<key>path</key>
			<string>Images.xcassets</string>
			<key>sourceTree</key>
			<string>&lt;group&gt;</string>
		</dict>
		<key>299AEB0B1C979DEF00AF100E</key>
		<dict>
			<key>fileRef</key>
			<string>299AEB0A1C979DEF00AF100E</string>
			<key>isa</key>
			<string>PBXBuildFile</string>
		</dict>
		<key>29B8785F1C96B7C5005CE7D9</key>
		<dict>
			<key>fileEncoding</key>
			<string>4</string>
			<key>isa</key>
			<string>PBXFileReference</string>
			<key>lastKnownFileType</key>
			<string>sourcecode.swift</string>
			<key>path</key>
			<string>theme.swift</string>
			<key>sourceTree</key>
			<string>&lt;group&gt;</string>
		</dict>
		<key>29B878601C96B7C5005CE7D9</key>
		<dict>
			<key>fileRef</key>
			<string>29B8785F1C96B7C5005CE7D9</string>
			<key>isa</key>
			<string>PBXBuildFile</string>
		</dict>
		<key>740496EA9F4289F18D8F1736</key>
		<dict>
			<key>explicitFileType</key>
			<string>wrapper.framework</string>
			<key>includeInIndex</key>
			<string>0</string>
			<key>isa</key>
			<string>PBXFileReference</string>
			<key>path</key>
			<string>Pods.framework</string>
			<key>sourceTree</key>
			<string>BUILT_PRODUCTS_DIR</string>
		</dict>
		<key>7480A0584771CB7F7A440165</key>
		<dict>
			<key>buildActionMask</key>
			<string>2147483647</string>
			<key>files</key>
			<array/>
			<key>inputPaths</key>
			<array/>
			<key>isa</key>
			<string>PBXShellScriptBuildPhase</string>
			<key>name</key>
			<string>Copy Pods Resources</string>
			<key>outputPaths</key>
			<array/>
			<key>runOnlyForDeploymentPostprocessing</key>
			<string>0</string>
			<key>shellPath</key>
			<string>/bin/sh</string>
			<key>shellScript</key>
			<string>"${SRCROOT}/Pods/Target Support Files/Pods/Pods-resources.sh"
</string>
			<key>showEnvVarsInLog</key>
			<string>0</string>
		</dict>
		<key>749F551C9A101E7FFC970295</key>
		<dict>
			<key>includeInIndex</key>
			<string>1</string>
			<key>isa</key>
			<string>PBXFileReference</string>
			<key>lastKnownFileType</key>
			<string>text.xcconfig</string>
			<key>name</key>
			<string>Pods.debug.xcconfig</string>
			<key>path</key>
			<string>Pods/Target Support Files/Pods/Pods.debug.xcconfig</string>
			<key>sourceTree</key>
			<string>&lt;group&gt;</string>
		</dict>
		<key>763592CF1E253FBBE98FB1FA</key>
		<dict>
			<key>children</key>
			<array>
				<string>749F551C9A101E7FFC970295</string>
				<string>FDD73409DB5E3AF789A0167A</string>
			</array>
			<key>isa</key>
			<string>PBXGroup</string>
			<key>name</key>
			<string>Pods</string>
			<key>sourceTree</key>
			<string>&lt;group&gt;</string>
		</dict>
		<key>889A32CC3DB38C7999B150EC</key>
		<dict>
			<key>buildActionMask</key>
			<string>2147483647</string>
			<key>files</key>
			<array/>
			<key>inputPaths</key>
			<array/>
			<key>isa</key>
			<string>PBXShellScriptBuildPhase</string>
			<key>name</key>
			<string>Check Pods Manifest.lock</string>
			<key>outputPaths</key>
			<array/>
			<key>runOnlyForDeploymentPostprocessing</key>
			<string>0</string>
			<key>shellPath</key>
			<string>/bin/sh</string>
			<key>shellScript</key>
			<string>diff "${PODS_ROOT}/../Podfile.lock" "${PODS_ROOT}/Manifest.lock" &gt; /dev/null
if [[ $? != 0 ]] ; then
    cat &lt;&lt; EOM
error: The sandbox is not in sync with the Podfile.lock. Run 'pod install' or update your CocoaPods installation.
EOM
    exit 1
fi
</string>
			<key>showEnvVarsInLog</key>
			<string>0</string>
		</dict>
		<key>AE8C9F7AE729E344B7A09FA3</key>
		<dict>
			<key>children</key>
			<array>
				<string>293F215E1C9B8CB700E28FE9</string>
				<string>293F215C1C9B8C8400E28FE9</string>
				<string>293F215A1C9B8C7A00E28FE9</string>
				<string>293F21581C9B8C7200E28FE9</string>
				<string>2956FCCF1C97DDD700D35DD9</string>
				<string>2956FCB91C97B9BE00D35DD9</string>
				<string>740496EA9F4289F18D8F1736</string>
			</array>
			<key>isa</key>
			<string>PBXGroup</string>
			<key>name</key>
			<string>Frameworks</string>
			<key>sourceTree</key>
			<string>&lt;group&gt;</string>
		</dict>
		<key>EC16A9DA5D6A9481B1501278</key>
		<dict>
			<key>fileRef</key>
			<string>740496EA9F4289F18D8F1736</string>
			<key>isa</key>
			<string>PBXBuildFile</string>
		</dict>
		<key>F5846818809AB890F14F88F4</key>
		<dict>
			<key>buildActionMask</key>
			<string>2147483647</string>
			<key>files</key>
			<array/>
			<key>inputPaths</key>
			<array/>
			<key>isa</key>
			<string>PBXShellScriptBuildPhase</string>
			<key>name</key>
			<string>Embed Pods Frameworks</string>
			<key>outputPaths</key>
			<array/>
			<key>runOnlyForDeploymentPostprocessing</key>
			<string>0</string>
			<key>shellPath</key>
			<string>/bin/sh</string>
			<key>shellScript</key>
			<string>"${SRCROOT}/Pods/Target Support Files/Pods/Pods-frameworks.sh"
</string>
			<key>showEnvVarsInLog</key>
			<string>0</string>
		</dict>
		<key>FDD73409DB5E3AF789A0167A</key>
		<dict>
			<key>includeInIndex</key>
			<string>1</string>
			<key>isa</key>
			<string>PBXFileReference</string>
			<key>lastKnownFileType</key>
			<string>text.xcconfig</string>
			<key>name</key>
			<string>Pods.release.xcconfig</string>
			<key>path</key>
			<string>Pods/Target Support Files/Pods/Pods.release.xcconfig</string>
			<key>sourceTree</key>
			<string>&lt;group&gt;</string>
		</dict>
	</dict>
	<key>rootObject</key>
	<string>298544B61C96673F0036F71E</string>
</dict>
</plist>
